github.com/1set/gut v0.0.0-20201117175203-a82363231997 h1:za2jSkE1Rx56hTzBko3ZZ4gA/nq+rA/jVovWuAF4jyo=
github.com/1set/gut v0.0.0-20201117175203-a82363231997/go.mod h1:DpCCAL0dgBMQdiqPUIIRpdU9zNcIZwJjW+L/8Mb30mw=
github.com/1set/todotxt v0.0.4 h1:A8DpMwGxctq7oT3s/2uC26RkLMKHRnG1E7x/cD8IeSI=
github.com/1set/todotxt v0.0.4/go.mod h1:FILY0dppcGIZzNbr4WUZ1d2bd1YWTCllmGIuXt3MP9Y=
github.com/google/btree v1.0.0 h1:0udJVsspx3VBr5FwtLhQQtuAsVc79tTq0ocGIPAU6qo=
github.com/google/btree v1.0.0/go.mod h1:lNA+9X1NB3Zf8V7Ke586lFgjr2dZNuvo3lPJSGZ5JPQ=
github.com/peterbourgon/diskv/v3 v3.0.1 h1:x06SQA46+PKIUftmEujdwSEpIx8kR+M9eLYsUxeYveU=
github.com/peterbourgon/diskv/v3 v3.0.1/go.mod h1:kJ5Ny7vLdARGU3WUuy6uzO6T0nb/2gWcT1JiBvRmb5o=
